
Microsoft Visual Studio Solution File, Format Version 12.00
# Visual Studio Version 17
VisualStudioVersion = 17.5.33414.496
MinimumVisualStudioVersion = 10.0.40219.1
Project("{9A19103F-16F7-4668-BE54-9A1E7A4F7556}") = "oneButtonGame", "oneButtonGame\oneButtonGame.csproj", "{8AF7124B-B548-43AD-9D19-1527D1819D47}"
EndProject
Project("{9A19103F-16F7-4668-BE54-9A1E7A4F7556}") = "MonoGameLibrary", "MonoGameLibrary\MonoGameLibrary.csproj", "{D868BEBF-EB07-406D-9DBD-7F3A9501E7D1}"
EndProject
Project("{2150E333-8FDC-42A3-9474-1A3956D46DE8}") = "Solution Items", "Solution Items", "{F0775875-27F2-4CAC-BE23-0E47A0F70CB9}"
	ProjectSection(SolutionItems) = preProject
		DevLog.md = DevLog.md
	EndProjectSection
EndProject
Global
	GlobalSection(SolutionConfigurationPlatforms) = preSolution
		Debug|Any CPU = Debug|Any CPU
		Release|Any CPU = Release|Any CPU
	EndGlobalSection
	GlobalSection(ProjectConfigurationPlatforms) = postSolution
		{8AF7124B-B548-43AD-9D19-1527D1819D47}.Debug|Any CPU.ActiveCfg = Debug|Any CPU
		{8AF7124B-B548-43AD-9D19-1527D1819D47}.Debug|Any CPU.Build.0 = Debug|Any CPU
		{8AF7124B-B548-43AD-9D19-1527D1819D47}.Release|Any CPU.ActiveCfg = Release|Any CPU
		{8AF7124B-B548-43AD-9D19-1527D1819D47}.Release|Any CPU.Build.0 = Release|Any CPU
		{D868BEBF-EB07-406D-9DBD-7F3A9501E7D1}.Debug|Any CPU.ActiveCfg = Debug|Any CPU
		{D868BEBF-EB07-406D-9DBD-7F3A9501E7D1}.Debug|Any CPU.Build.0 = Debug|Any CPU
		{D868BEBF-EB07-406D-9DBD-7F3A9501E7D1}.Release|Any CPU.ActiveCfg = Release|Any CPU
		{D868BEBF-EB07-406D-9DBD-7F3A9501E7D1}.Release|Any CPU.Build.0 = Release|Any CPU
	EndGlobalSection
	GlobalSection(SolutionProperties) = preSolution
		HideSolutionNode = FALSE
	EndGlobalSection
	GlobalSection(ExtensibilityGlobals) = postSolution
		SolutionGuid = {A403074E-4DCC-4542-A7B3-C3544357F3D3}
	EndGlobalSection
EndGlobal
